
Microsoft Visual Studio Solution File, Format Version 12.00
# Visual Studio Version 17
VisualStudioVersion = 17.3.32929.385
MinimumVisualStudioVersion = 10.0.40219.1
Project("{2150E333-8FDC-42A3-9474-1A3956D46DE8}") = "src", "src", "{F051310A-BE5A-443D-8908-216804F5F281}"
EndProject
Project("{9A19103F-16F7-4668-BE54-9A1E7A4F7556}") = "BackendApp", "src\BackendApp\BackendApp.csproj", "{B340FEB2-1E73-4A05-A1D4-DC7BD1D2CB71}"
EndProject
Project("{9A19103F-16F7-4668-BE54-9A1E7A4F7556}") = "CoreLib", "src\CoreLib\CoreLib.csproj", "{3C1C638D-02E3-4728-8F31-0753CCF8D1CC}"
EndProject
Project("{9A19103F-16F7-4668-BE54-9A1E7A4F7556}") = "FrondendApp", "src\FrondendApp\FrondendApp.csproj", "{E001FE0B-9692-4647-9CD4-CAE9F83DC8CC}"
EndProject
Global
	GlobalSection(SolutionConfigurationPlatforms) = preSolution
		Debug|Any CPU = Debug|Any CPU
		Release|Any CPU = Release|Any CPU
	EndGlobalSection
	GlobalSection(ProjectConfigurationPlatforms) = postSolution
		{B340FEB2-1E73-4A05-A1D4-DC7BD1D2CB71}.Debug|Any CPU.ActiveCfg = Debug|Any CPU
		{B340FEB2-1E73-4A05-A1D4-DC7BD1D2CB71}.Debug|Any CPU.Build.0 = Debug|Any CPU
		{B340FEB2-1E73-4A05-A1D4-DC7BD1D2CB71}.Release|Any CPU.ActiveCfg = Release|Any CPU
		{B340FEB2-1E73-4A05-A1D4-DC7BD1D2CB71}.Release|Any CPU.Build.0 = Release|Any CPU
		{3C1C638D-02E3-4728-8F31-0753CCF8D1CC}.Debug|Any CPU.ActiveCfg = Debug|Any CPU
		{3C1C638D-02E3-4728-8F31-0753CCF8D1CC}.Debug|Any CPU.Build.0 = Debug|Any CPU
		{3C1C638D-02E3-4728-8F31-0753CCF8D1CC}.Release|Any CPU.ActiveCfg = Release|Any CPU
		{3C1C638D-02E3-4728-8F31-0753CCF8D1CC}.Release|Any CPU.Build.0 = Release|Any CPU
		{E001FE0B-9692-4647-9CD4-CAE9F83DC8CC}.Debug|Any CPU.ActiveCfg = Debug|Any CPU
		{E001FE0B-9692-4647-9CD4-CAE9F83DC8CC}.Debug|Any CPU.Build.0 = Debug|Any CPU
		{E001FE0B-9692-4647-9CD4-CAE9F83DC8CC}.Release|Any CPU.ActiveCfg = Release|Any CPU
		{E001FE0B-9692-4647-9CD4-CAE9F83DC8CC}.Release|Any CPU.Build.0 = Release|Any CPU
	EndGlobalSection
	GlobalSection(SolutionProperties) = preSolution
		HideSolutionNode = FALSE
	EndGlobalSection
	GlobalSection(NestedProjects) = preSolution
		{B340FEB2-1E73-4A05-A1D4-DC7BD1D2CB71} = {F051310A-BE5A-443D-8908-216804F5F281}
		{3C1C638D-02E3-4728-8F31-0753CCF8D1CC} = {F051310A-BE5A-443D-8908-216804F5F281}
		{E001FE0B-9692-4647-9CD4-CAE9F83DC8CC} = {F051310A-BE5A-443D-8908-216804F5F281}
	EndGlobalSection
	GlobalSection(ExtensibilityGlobals) = postSolution
		SolutionGuid = {EE2E307C-480C-45EF-8271-7DBAFD71DB9F}
	EndGlobalSection
EndGlobal
